
Microsoft Visual Studio Solution File, Format Version 12.00
# Visual Studio 15
VisualStudioVersion = 15.0.27130.2003
MinimumVisualStudioVersion = 10.0.40219.1
Project("{FAE04EC0-301F-11D3-BF4B-00C04F79EFBC}") = "Cash", "Cash\Cash.csproj", "{456EB494-8BFF-4470-AE63-D38D16B9C12A}"
EndProject
Global
	GlobalSection(SolutionConfigurationPlatforms) = preSolution
		Debug|Any CPU = Debug|Any CPU
		Release|Any CPU = Release|Any CPU
	EndGlobalSection
	GlobalSection(ProjectConfigurationPlatforms) = postSolution
		{456EB494-8BFF-4470-AE63-D38D16B9C12A}.Debug|Any CPU.ActiveCfg = Debug|Any CPU
		{456EB494-8BFF-4470-AE63-D38D16B9C12A}.Debug|Any CPU.Build.0 = Debug|Any CPU
		{456EB494-8BFF-4470-AE63-D38D16B9C12A}.Release|Any CPU.ActiveCfg = Release|Any CPU
		{456EB494-8BFF-4470-AE63-D38D16B9C12A}.Release|Any CPU.Build.0 = Release|Any CPU
	EndGlobalSection
	GlobalSection(SolutionProperties) = preSolution
		HideSolutionNode = FALSE
	EndGlobalSection
	GlobalSection(ExtensibilityGlobals) = postSolution
		SolutionGuid = {808184B2-23D8-4A1E-87EA-85C2E556E1EF}
	EndGlobalSection
EndGlobal
